
Microsoft Visual Studio Solution File, Format Version 12.00
# Visual Studio Version 16
VisualStudioVersion = 16.0.34931.43
MinimumVisualStudioVersion = 10.0.40219.1
Project("{FAE04EC0-301F-11D3-BF4B-00C04F79EFBC}") = "Entidades", "Entidades\Entidades.csproj", "{AAE70C0D-A3FE-4934-B946-DBCD6446845C}"
EndProject
Project("{FAE04EC0-301F-11D3-BF4B-00C04F79EFBC}") = "AccesoDatos", "AccesoDatos\AccesoDatos.csproj", "{1EDF1079-0304-4CA8-9BA7-D38BCC7E3234}"
EndProject
Project("{FAE04EC0-301F-11D3-BF4B-00C04F79EFBC}") = "Negocio", "Negocio\Negocio.csproj", "{F4EEB1F5-1A92-4BD5-AA9E-970F0FBF94F1}"
EndProject
Project("{FAE04EC0-301F-11D3-BF4B-00C04F79EFBC}") = "WebApiHotel", "WebApiHotel\WebApiHotel.csproj", "{511DE867-C343-4CA1-9883-3599287415F5}"
EndProject
Global
	GlobalSection(SolutionConfigurationPlatforms) = preSolution
		Debug|Any CPU = Debug|Any CPU
		Release|Any CPU = Release|Any CPU
	EndGlobalSection
	GlobalSection(ProjectConfigurationPlatforms) = postSolution
		{AAE70C0D-A3FE-4934-B946-DBCD6446845C}.Debug|Any CPU.ActiveCfg = Debug|Any CPU
		{AAE70C0D-A3FE-4934-B946-DBCD6446845C}.Debug|Any CPU.Build.0 = Debug|Any CPU
		{AAE70C0D-A3FE-4934-B946-DBCD6446845C}.Release|Any CPU.ActiveCfg = Release|Any CPU
		{AAE70C0D-A3FE-4934-B946-DBCD6446845C}.Release|Any CPU.Build.0 = Release|Any CPU
		{1EDF1079-0304-4CA8-9BA7-D38BCC7E3234}.Debug|Any CPU.ActiveCfg = Debug|Any CPU
		{1EDF1079-0304-4CA8-9BA7-D38BCC7E3234}.Debug|Any CPU.Build.0 = Debug|Any CPU
		{1EDF1079-0304-4CA8-9BA7-D38BCC7E3234}.Release|Any CPU.ActiveCfg = Release|Any CPU
		{1EDF1079-0304-4CA8-9BA7-D38BCC7E3234}.Release|Any CPU.Build.0 = Release|Any CPU
		{F4EEB1F5-1A92-4BD5-AA9E-970F0FBF94F1}.Debug|Any CPU.ActiveCfg = Debug|Any CPU
		{F4EEB1F5-1A92-4BD5-AA9E-970F0FBF94F1}.Debug|Any CPU.Build.0 = Debug|Any CPU
		{F4EEB1F5-1A92-4BD5-AA9E-970F0FBF94F1}.Release|Any CPU.ActiveCfg = Release|Any CPU
		{F4EEB1F5-1A92-4BD5-AA9E-970F0FBF94F1}.Release|Any CPU.Build.0 = Release|Any CPU
		{511DE867-C343-4CA1-9883-3599287415F5}.Debug|Any CPU.ActiveCfg = Debug|Any CPU
		{511DE867-C343-4CA1-9883-3599287415F5}.Debug|Any CPU.Build.0 = Debug|Any CPU
		{511DE867-C343-4CA1-9883-3599287415F5}.Release|Any CPU.ActiveCfg = Release|Any CPU
		{511DE867-C343-4CA1-9883-3599287415F5}.Release|Any CPU.Build.0 = Release|Any CPU
	EndGlobalSection
	GlobalSection(SolutionProperties) = preSolution
		HideSolutionNode = FALSE
	EndGlobalSection
	GlobalSection(ExtensibilityGlobals) = postSolution
		SolutionGuid = {F2055B8E-943E-4543-98DB-51CDF8B511AE}
	EndGlobalSection
EndGlobal
